
Microsoft Visual Studio Solution File, Format Version 12.00
# Visual Studio Version 16
VisualStudioVersion = 16.0.29926.136
MinimumVisualStudioVersion = 10.0.40219.1
Project("{2150E333-8FDC-42A3-9474-1A3956D46DE8}") = "Data", "Data", "{060E0EAF-B6C3-4B98-B0C5-128B31260B54}"
EndProject
Project("{2150E333-8FDC-42A3-9474-1A3956D46DE8}") = "Domain", "Domain", "{07B0D6F5-AD79-449A-BA3D-B38763EE82CF}"
EndProject
Project("{2150E333-8FDC-42A3-9474-1A3956D46DE8}") = "Service", "Service", "{47EB5AF9-06CB-4D3D-8351-B59452DAF599}"
EndProject
Project("{FAE04EC0-301F-11D3-BF4B-00C04F79EFBC}") = "ICM.JHB.Utility", "..\..\..\..\..\TFSWorkspace\appbase\Utility\ICM.JHB.Utility\ICM.JHB.Utility.csproj", "{304BF856-63C7-4629-AC0F-FB707152113F}"
EndProject
Project("{2150E333-8FDC-42A3-9474-1A3956D46DE8}") = "Utility", "Utility", "{7914760D-0A81-4664-8EFA-2384D54AE5D3}"
EndProject
Project("{FAE04EC0-301F-11D3-BF4B-00C04F79EFBC}") = "University.WindowsServices", "University.WindowsServices\University.WindowsServices.csproj", "{C401D454-D2E4-47DD-86F5-B21BD1F45B80}"
EndProject
Project("{FAE04EC0-301F-11D3-BF4B-00C04F79EFBC}") = "University.Data", "University.Data\University.Data.csproj", "{7DC3F0CB-C9CA-40C7-B29D-E53462BA62AF}"
EndProject
Project("{FAE04EC0-301F-11D3-BF4B-00C04F79EFBC}") = "University.Repository", "University.Repository\University.Repository.csproj", "{2F4CEB6E-7E14-4947-95FF-3D4FAC3D1F36}"
EndProject
Project("{FAE04EC0-301F-11D3-BF4B-00C04F79EFBC}") = "University.Domain", "University.Domain\University.Domain.csproj", "{6FB1E065-4238-4621-B021-8A336BEE76C3}"
EndProject
Global
	GlobalSection(SolutionConfigurationPlatforms) = preSolution
		Debug|Any CPU = Debug|Any CPU
		Debug|x64 = Debug|x64
		Debug|x86 = Debug|x86
		DEV|Any CPU = DEV|Any CPU
		DEV|x64 = DEV|x64
		DEV|x86 = DEV|x86
		Release|Any CPU = Release|Any CPU
		Release|x64 = Release|x64
		Release|x86 = Release|x86
	EndGlobalSection
	GlobalSection(ProjectConfigurationPlatforms) = postSolution
		{304BF856-63C7-4629-AC0F-FB707152113F}.Debug|Any CPU.ActiveCfg = Debug|Any CPU
		{304BF856-63C7-4629-AC0F-FB707152113F}.Debug|Any CPU.Build.0 = Debug|Any CPU
		{304BF856-63C7-4629-AC0F-FB707152113F}.Debug|x64.ActiveCfg = Debug|x64
		{304BF856-63C7-4629-AC0F-FB707152113F}.Debug|x64.Build.0 = Debug|x64
		{304BF856-63C7-4629-AC0F-FB707152113F}.Debug|x86.ActiveCfg = Debug|x86
		{304BF856-63C7-4629-AC0F-FB707152113F}.Debug|x86.Build.0 = Debug|x86
		{304BF856-63C7-4629-AC0F-FB707152113F}.DEV|Any CPU.ActiveCfg = DEV|Any CPU
		{304BF856-63C7-4629-AC0F-FB707152113F}.DEV|Any CPU.Build.0 = DEV|Any CPU
		{304BF856-63C7-4629-AC0F-FB707152113F}.DEV|x64.ActiveCfg = DEV|x64
		{304BF856-63C7-4629-AC0F-FB707152113F}.DEV|x64.Build.0 = DEV|x64
		{304BF856-63C7-4629-AC0F-FB707152113F}.DEV|x86.ActiveCfg = DEV|x86
		{304BF856-63C7-4629-AC0F-FB707152113F}.DEV|x86.Build.0 = DEV|x86
		{304BF856-63C7-4629-AC0F-FB707152113F}.Release|Any CPU.ActiveCfg = Release|Any CPU
		{304BF856-63C7-4629-AC0F-FB707152113F}.Release|Any CPU.Build.0 = Release|Any CPU
		{304BF856-63C7-4629-AC0F-FB707152113F}.Release|x64.ActiveCfg = Release|x64
		{304BF856-63C7-4629-AC0F-FB707152113F}.Release|x64.Build.0 = Release|x64
		{304BF856-63C7-4629-AC0F-FB707152113F}.Release|x86.ActiveCfg = Release|x86
		{304BF856-63C7-4629-AC0F-FB707152113F}.Release|x86.Build.0 = Release|x86
		{C401D454-D2E4-47DD-86F5-B21BD1F45B80}.Debug|Any CPU.ActiveCfg = Debug|Any CPU
		{C401D454-D2E4-47DD-86F5-B21BD1F45B80}.Debug|Any CPU.Build.0 = Debug|Any CPU
		{C401D454-D2E4-47DD-86F5-B21BD1F45B80}.Debug|x64.ActiveCfg = Debug|Any CPU
		{C401D454-D2E4-47DD-86F5-B21BD1F45B80}.Debug|x64.Build.0 = Debug|Any CPU
		{C401D454-D2E4-47DD-86F5-B21BD1F45B80}.Debug|x86.ActiveCfg = Debug|Any CPU
		{C401D454-D2E4-47DD-86F5-B21BD1F45B80}.Debug|x86.Build.0 = Debug|Any CPU
		{C401D454-D2E4-47DD-86F5-B21BD1F45B80}.DEV|Any CPU.ActiveCfg = Debug|Any CPU
		{C401D454-D2E4-47DD-86F5-B21BD1F45B80}.DEV|Any CPU.Build.0 = Debug|Any CPU
		{C401D454-D2E4-47DD-86F5-B21BD1F45B80}.DEV|x64.ActiveCfg = Debug|Any CPU
		{C401D454-D2E4-47DD-86F5-B21BD1F45B80}.DEV|x64.Build.0 = Debug|Any CPU
		{C401D454-D2E4-47DD-86F5-B21BD1F45B80}.DEV|x86.ActiveCfg = Debug|Any CPU
		{C401D454-D2E4-47DD-86F5-B21BD1F45B80}.DEV|x86.Build.0 = Debug|Any CPU
		{C401D454-D2E4-47DD-86F5-B21BD1F45B80}.Release|Any CPU.ActiveCfg = Release|Any CPU
		{C401D454-D2E4-47DD-86F5-B21BD1F45B80}.Release|Any CPU.Build.0 = Release|Any CPU
		{C401D454-D2E4-47DD-86F5-B21BD1F45B80}.Release|x64.ActiveCfg = Release|Any CPU
		{C401D454-D2E4-47DD-86F5-B21BD1F45B80}.Release|x64.Build.0 = Release|Any CPU
		{C401D454-D2E4-47DD-86F5-B21BD1F45B80}.Release|x86.ActiveCfg = Release|Any CPU
		{C401D454-D2E4-47DD-86F5-B21BD1F45B80}.Release|x86.Build.0 = Release|Any CPU
		{7DC3F0CB-C9CA-40C7-B29D-E53462BA62AF}.Debug|Any CPU.ActiveCfg = Debug|Any CPU
		{7DC3F0CB-C9CA-40C7-B29D-E53462BA62AF}.Debug|Any CPU.Build.0 = Debug|Any CPU
		{7DC3F0CB-C9CA-40C7-B29D-E53462BA62AF}.Debug|x64.ActiveCfg = Debug|Any CPU
		{7DC3F0CB-C9CA-40C7-B29D-E53462BA62AF}.Debug|x64.Build.0 = Debug|Any CPU
		{7DC3F0CB-C9CA-40C7-B29D-E53462BA62AF}.Debug|x86.ActiveCfg = Debug|Any CPU
		{7DC3F0CB-C9CA-40C7-B29D-E53462BA62AF}.Debug|x86.Build.0 = Debug|Any CPU
		{7DC3F0CB-C9CA-40C7-B29D-E53462BA62AF}.DEV|Any CPU.ActiveCfg = Debug|Any CPU
		{7DC3F0CB-C9CA-40C7-B29D-E53462BA62AF}.DEV|Any CPU.Build.0 = Debug|Any CPU
		{7DC3F0CB-C9CA-40C7-B29D-E53462BA62AF}.DEV|x64.ActiveCfg = Debug|Any CPU
		{7DC3F0CB-C9CA-40C7-B29D-E53462BA62AF}.DEV|x64.Build.0 = Debug|Any CPU
		{7DC3F0CB-C9CA-40C7-B29D-E53462BA62AF}.DEV|x86.ActiveCfg = Debug|Any CPU
		{7DC3F0CB-C9CA-40C7-B29D-E53462BA62AF}.DEV|x86.Build.0 = Debug|Any CPU
		{7DC3F0CB-C9CA-40C7-B29D-E53462BA62AF}.Release|Any CPU.ActiveCfg = Release|Any CPU
		{7DC3F0CB-C9CA-40C7-B29D-E53462BA62AF}.Release|Any CPU.Build.0 = Release|Any CPU
		{7DC3F0CB-C9CA-40C7-B29D-E53462BA62AF}.Release|x64.ActiveCfg = Release|Any CPU
		{7DC3F0CB-C9CA-40C7-B29D-E53462BA62AF}.Release|x64.Build.0 = Release|Any CPU
		{7DC3F0CB-C9CA-40C7-B29D-E53462BA62AF}.Release|x86.ActiveCfg = Release|Any CPU
		{7DC3F0CB-C9CA-40C7-B29D-E53462BA62AF}.Release|x86.Build.0 = Release|Any CPU
		{2F4CEB6E-7E14-4947-95FF-3D4FAC3D1F36}.Debug|Any CPU.ActiveCfg = Debug|Any CPU
		{2F4CEB6E-7E14-4947-95FF-3D4FAC3D1F36}.Debug|Any CPU.Build.0 = Debug|Any CPU
		{2F4CEB6E-7E14-4947-95FF-3D4FAC3D1F36}.Debug|x64.ActiveCfg = Debug|Any CPU
		{2F4CEB6E-7E14-4947-95FF-3D4FAC3D1F36}.Debug|x64.Build.0 = Debug|Any CPU
		{2F4CEB6E-7E14-4947-95FF-3D4FAC3D1F36}.Debug|x86.ActiveCfg = Debug|Any CPU
		{2F4CEB6E-7E14-4947-95FF-3D4FAC3D1F36}.Debug|x86.Build.0 = Debug|Any CPU
		{2F4CEB6E-7E14-4947-95FF-3D4FAC3D1F36}.DEV|Any CPU.ActiveCfg = Debug|Any CPU
		{2F4CEB6E-7E14-4947-95FF-3D4FAC3D1F36}.DEV|Any CPU.Build.0 = Debug|Any CPU
		{2F4CEB6E-7E14-4947-95FF-3D4FAC3D1F36}.DEV|x64.ActiveCfg = Debug|Any CPU
		{2F4CEB6E-7E14-4947-95FF-3D4FAC3D1F36}.DEV|x64.Build.0 = Debug|Any CPU
		{2F4CEB6E-7E14-4947-95FF-3D4FAC3D1F36}.DEV|x86.ActiveCfg = Debug|Any CPU
		{2F4CEB6E-7E14-4947-95FF-3D4FAC3D1F36}.DEV|x86.Build.0 = Debug|Any CPU
		{2F4CEB6E-7E14-4947-95FF-3D4FAC3D1F36}.Release|Any CPU.ActiveCfg = Release|Any CPU
		{2F4CEB6E-7E14-4947-95FF-3D4FAC3D1F36}.Release|Any CPU.Build.0 = Release|Any CPU
		{2F4CEB6E-7E14-4947-95FF-3D4FAC3D1F36}.Release|x64.ActiveCfg = Release|Any CPU
		{2F4CEB6E-7E14-4947-95FF-3D4FAC3D1F36}.Release|x64.Build.0 = Release|Any CPU
		{2F4CEB6E-7E14-4947-95FF-3D4FAC3D1F36}.Release|x86.ActiveCfg = Release|Any CPU
		{2F4CEB6E-7E14-4947-95FF-3D4FAC3D1F36}.Release|x86.Build.0 = Release|Any CPU
		{6FB1E065-4238-4621-B021-8A336BEE76C3}.Debug|Any CPU.ActiveCfg = Debug|Any CPU
		{6FB1E065-4238-4621-B021-8A336BEE76C3}.Debug|Any CPU.Build.0 = Debug|Any CPU
		{6FB1E065-4238-4621-B021-8A336BEE76C3}.Debug|x64.ActiveCfg = Debug|Any CPU
		{6FB1E065-4238-4621-B021-8A336BEE76C3}.Debug|x64.Build.0 = Debug|Any CPU
		{6FB1E065-4238-4621-B021-8A336BEE76C3}.Debug|x86.ActiveCfg = Debug|Any CPU
		{6FB1E065-4238-4621-B021-8A336BEE76C3}.Debug|x86.Build.0 = Debug|Any CPU
		{6FB1E065-4238-4621-B021-8A336BEE76C3}.DEV|Any CPU.ActiveCfg = Debug|Any CPU
		{6FB1E065-4238-4621-B021-8A336BEE76C3}.DEV|Any CPU.Build.0 = Debug|Any CPU
		{6FB1E065-4238-4621-B021-8A336BEE76C3}.DEV|x64.ActiveCfg = Debug|Any CPU
		{6FB1E065-4238-4621-B021-8A336BEE76C3}.DEV|x64.Build.0 = Debug|Any CPU
		{6FB1E065-4238-4621-B021-8A336BEE76C3}.DEV|x86.ActiveCfg = Debug|Any CPU
		{6FB1E065-4238-4621-B021-8A336BEE76C3}.DEV|x86.Build.0 = Debug|Any CPU
		{6FB1E065-4238-4621-B021-8A336BEE76C3}.Release|Any CPU.ActiveCfg = Release|Any CPU
		{6FB1E065-4238-4621-B021-8A336BEE76C3}.Release|Any CPU.Build.0 = Release|Any CPU
		{6FB1E065-4238-4621-B021-8A336BEE76C3}.Release|x64.ActiveCfg = Release|Any CPU
		{6FB1E065-4238-4621-B021-8A336BEE76C3}.Release|x64.Build.0 = Release|Any CPU
		{6FB1E065-4238-4621-B021-8A336BEE76C3}.Release|x86.ActiveCfg = Release|Any CPU
		{6FB1E065-4238-4621-B021-8A336BEE76C3}.Release|x86.Build.0 = Release|Any CPU
	EndGlobalSection
	GlobalSection(SolutionProperties) = preSolution
		HideSolutionNode = FALSE
	EndGlobalSection
	GlobalSection(NestedProjects) = preSolution
		{304BF856-63C7-4629-AC0F-FB707152113F} = {7914760D-0A81-4664-8EFA-2384D54AE5D3}
		{C401D454-D2E4-47DD-86F5-B21BD1F45B80} = {47EB5AF9-06CB-4D3D-8351-B59452DAF599}
		{7DC3F0CB-C9CA-40C7-B29D-E53462BA62AF} = {060E0EAF-B6C3-4B98-B0C5-128B31260B54}
		{2F4CEB6E-7E14-4947-95FF-3D4FAC3D1F36} = {060E0EAF-B6C3-4B98-B0C5-128B31260B54}
		{6FB1E065-4238-4621-B021-8A336BEE76C3} = {07B0D6F5-AD79-449A-BA3D-B38763EE82CF}
	EndGlobalSection
	GlobalSection(ExtensibilityGlobals) = postSolution
		SolutionGuid = {A53612B6-782E-4E4F-91BA-2C7BEBBD0284}
	EndGlobalSection
EndGlobal
